{
	"name": "analyser",
	"version": "1.0.0",
	"lockfileVersion": 2,
	"requires": true,
	"packages": {
		"": {
			"version": "1.0.0",
			"license": "Hippocratic-2.1",
			"dependencies": {
				"csv": "github:cipscis/csv#semver:^1.0.0",
				"fileio": "github:cipscis/fileio#semver:^1.2.0"
			}
		},
		"node_modules/csv": {
			"version": "1.0.0",
			"resolved": "git+ssh://git@github.com/cipscis/csv.git#91fbb642639492395775e60c68f88c3f5bd63e21",
			"license": "Hippocratic-2.1"
		},
		"node_modules/fileio": {
			"version": "1.2.0",
			"resolved": "git+ssh://git@github.com/cipscis/fileio.git#b03a36791157cfb48fc57eab05d03964111bed2a",
			"license": "Hippocratic-2.1",
			"dependencies": {
				"csv": "github:cipscis/csv#semver:1.0.0"
			}
		}
	},
	"dependencies": {
		"csv": {
			"version": "git+ssh://git@github.com/cipscis/csv.git#91fbb642639492395775e60c68f88c3f5bd63e21",
			"from": "csv@github:cipscis/csv#semver:^1.0.0"
		},
		"fileio": {
			"version": "git+ssh://git@github.com/cipscis/fileio.git#b03a36791157cfb48fc57eab05d03964111bed2a",
			"from": "fileio@github:cipscis/fileio#semver:^1.2.0",
			"requires": {
				"csv": "github:cipscis/csv#semver:1.0.0"
			}
		}
	}
}
